github.com/anurag0608/myutil v0.0.0-20230608143836-ff52187e33a6 h1:HhGf14QsGabuXg7XD3OW+G1OL/ayxcZTLmR3sYvcw0g=
github.com/anurag0608/myutil v0.0.0-20230608143836-ff52187e33a6/go.mod h1:iHOdFTMdg0rfXE17NoFyBkVj2nfwehGiPhclm6X8Tmc=
github.com/anurag0608/myutil2 v0.0.0-20230608145336-98ff9569733e h1:L/DbPseV9pJbH5uImav7YhjGQqAHCBbeoC4S5DoBrnQ=
github.com/anurag0608/myutil2 v0.0.0-20230608145336-98ff9569733e/go.mod h1:BoPBjp8KDmUHqq0FQNk84MAUiqccFNAgvTgeLBh0+JY=
